Microsoft Visual Studio Solution File, Format Version 11.00
# Visual Studio 2008

Project("{7124024F-9B47-0F21-249A-FBE505DBCD4B}") = "Form and Shadow", "Assembly-CSharp.csproj", "{E50C8C07-92D0-5171-2AC3-1E427F3240B0}"
EndProject
Global
	GlobalSection(SolutionConfigurationPlatforms) = preSolution
		Debug|Any CPU = Debug|Any CPU
		Release|Any CPU = Release|Any CPU
	EndGlobalSection
	GlobalSection(ProjectConfigurationPlatforms) = postSolution
		{E50C8C07-92D0-5171-2AC3-1E427F3240B0}.Debug|Any CPU.ActiveCfg = Debug|Any CPU
		{E50C8C07-92D0-5171-2AC3-1E427F3240B0}.Debug|Any CPU.Build.0 = Debug|Any CPU
		{E50C8C07-92D0-5171-2AC3-1E427F3240B0}.Release|Any CPU.ActiveCfg = Release|Any CPU
		{E50C8C07-92D0-5171-2AC3-1E427F3240B0}.Release|Any CPU.Build.0 = Release|Any CPU
	EndGlobalSection
	GlobalSection(SolutionProperties) = preSolution
		HideSolutionNode = FALSE
	EndGlobalSection
	GlobalSection(MonoDevelopProperties) = preSolution
		StartupItem = Assembly-CSharp.csproj
	EndGlobalSection
EndGlobal
